# This file was autogenerated by Stack.
# You should not edit this file by hand.
# For more information, please see the documentation at:
#   https://docs.haskellstack.org/en/stable/lock_files

packages:
- completed:
    commit: a1d314d4ecafa1e91708e2e9faad57d780988938
    git: https://github.com/btq-ag/galois-field.git
    name: galois-field
    pantry-tree:
      sha256: f3c029c8d05403a27eff6098e8cc0af7f45d9a7ef394008a2acc39ddfbac90d7
      size: 4656
    version: 1.0.4
  original:
    commit: a1d314d4ecafa1e91708e2e9faad57d780988938
    git: https://github.com/btq-ag/galois-field.git
- completed:
    commit: 8856a21477eaf252827746b41c5366979123b6c6
    git: https://github.com/btq-ag/keelung.git
    name: keelung
    pantry-tree:
      sha256: 1a58ebe574f9731806ed12e08f2686a53123200d411d0e2db98ba43bf6c8e4c1
      size: 1877
    version: 0.17.0
  original:
    commit: 8856a21477eaf252827746b41c5366979123b6c6
    git: https://github.com/btq-ag/keelung.git
snapshots:
- completed:
    sha256: 401a0e813162ba62f04517f60c7d25e93a0f867f94a902421ebf07d1fb5a8c46
    size: 650044
    url: https://raw.githubusercontent.com/commercialhaskell/stackage-snapshots/master/lts/20/21.yaml
  original:
    url: https://raw.githubusercontent.com/commercialhaskell/stackage-snapshots/master/lts/20/21.yaml
